
Microsoft Visual Studio Solution File, Format Version 12.00
# Visual Studio Version 17
VisualStudioVersion = 17.12.35707.178 d17.12
MinimumVisualStudioVersion = 10.0.40219.1
Project("{FAE04EC0-301F-11D3-BF4B-00C04F79EFBC}") = "WebLab2-.NETAPI", "WebLab2-.NETAPI\WebLab2-.NETAPI.csproj", "{C6497C65-543B-4CA3-B2CE-EEFC686C1DEF}"
EndProject
Global
	GlobalSection(SolutionConfigurationPlatforms) = preSolution
		Debug|Any CPU = Debug|Any CPU
		Release|Any CPU = Release|Any CPU
	EndGlobalSection
	GlobalSection(ProjectConfigurationPlatforms) = postSolution
		{C6497C65-543B-4CA3-B2CE-EEFC686C1DEF}.Debug|Any CPU.ActiveCfg = Debug|Any CPU
		{C6497C65-543B-4CA3-B2CE-EEFC686C1DEF}.Debug|Any CPU.Build.0 = Debug|Any CPU
		{C6497C65-543B-4CA3-B2CE-EEFC686C1DEF}.Release|Any CPU.ActiveCfg = Release|Any CPU
		{C6497C65-543B-4CA3-B2CE-EEFC686C1DEF}.Release|Any CPU.Build.0 = Release|Any CPU
	EndGlobalSection
	GlobalSection(SolutionProperties) = preSolution
		HideSolutionNode = FALSE
	EndGlobalSection
EndGlobal
